// !$*UTF8*$!
{
	archiveVersion = 1;
	classes = {
	};
	objectVersion = 55;
	objects = {

/* Begin PBXBuildFile section */
		A45DE45A289D0FCD00D3763C /* AppDelegate.swift in Sources */ = {isa = PBXBuildFile; fileRef = A45DE459289D0FCD00D3763C /* AppDelegate.swift */; };
		A45DE45C289D0FCD00D3763C /* SceneDelegate.swift in Sources */ = {isa = PBXBuildFile; fileRef = A45DE45B289D0FCD00D3763C /* SceneDelegate.swift */; };
		A45DE45E289D0FCD00D3763C /* NestedGroupCollectionViewController.swift in Sources */ = {isa = PBXBuildFile; fileRef = A45DE45D289D0FCD00D3763C /* NestedGroupCollectionViewController.swift */; };
		A45DE461289D0FCD00D3763C /* Main.storyboard in Resources */ = {isa = PBXBuildFile; fileRef = A45DE45F289D0FCD00D3763C /* Main.storyboard */; };
		A45DE463289D0FCF00D3763C /* Assets.xcassets in Resources */ = {isa = PBXBuildFile; fileRef = A45DE462289D0FCF00D3763C /* Assets.xcassets */; };
		A45DE466289D0FCF00D3763C /* LaunchScreen.storyboard in Resources */ = {isa = PBXBuildFile; fileRef = A45DE464289D0FCF00D3763C /* LaunchScreen.storyboard */; };
		A45DE471289D0FCF00D3763C /* CompositionalLayoutPracticeTests.swift in Sources */ = {isa = PBXBuildFile; fileRef = A45DE470289D0FCF00D3763C /* CompositionalLayoutPracticeTests.swift */; };
		A45DE47B289D0FCF00D3763C /* CompositionalLayoutPracticeUITests.swift in Sources */ = {isa = PBXBuildFile; fileRef = A45DE47A289D0FCF00D3763C /* CompositionalLayoutPracticeUITests.swift */; };
		A45DE47D289D0FCF00D3763C /* CompositionalLayoutPracticeUITestsLaunchTests.swift in Sources */ = {isa = PBXBuildFile; fileRef = A45DE47C289D0FCF00D3763C /* CompositionalLayoutPracticeUITestsLaunchTests.swift */; };
		A45DE48A289D101000D3763C /* NestedGroupCollectionViewCell.swift in Sources */ = {isa = PBXBuildFile; fileRef = A45DE489289D101000D3763C /* NestedGroupCollectionViewCell.swift */; };
		A45DE48C289D106C00D3763C /* NestedGroupCollectionViewCell.xib in Resources */ = {isa = PBXBuildFile; fileRef = A45DE48B289D106C00D3763C /* NestedGroupCollectionViewCell.xib */; };
		A45DE48E289D11CF00D3763C /* CollctionView+.swift in Sources */ = {isa = PBXBuildFile; fileRef = A45DE48D289D11CF00D3763C /* CollctionView+.swift */; };
/* End PBXBuildFile section */

/* Begin PBXContainerItemProxy section */
		A45DE46D289D0FCF00D3763C /* PBXContainerItemProxy */ = {
			isa = PBXContainerItemProxy;
			containerPortal = A45DE44E289D0FCD00D3763C /* Project object */;
			proxyType = 1;
			remoteGlobalIDString = A45DE455289D0FCD00D3763C;
			remoteInfo = CompositionalLayoutPractice;
		};
		A45DE477289D0FCF00D3763C /* PBXContainerItemProxy */ = {
			isa = PBXContainerItemProxy;
			containerPortal = A45DE44E289D0FCD00D3763C /* Project object */;
			proxyType = 1;
			remoteGlobalIDString = A45DE455289D0FCD00D3763C;
			remoteInfo = CompositionalLayoutPractice;
		};
/* End PBXContainerItemProxy section */

/* Begin PBXFileReference section */
		A45DE456289D0FCD00D3763C /* CompositionalLayoutPractice.app */ = {isa = PBXFileReference; explicitFileType = wrapper.application; includeInIndex = 0; path = CompositionalLayoutPractice.app; sourceTree = BUILT_PRODUCTS_DIR; };
		A45DE459289D0FCD00D3763C /* AppDelegate.swift */ = {isa = PBXFileReference; lastKnownFileType = sourcecode.swift; path = AppDelegate.swift; sourceTree = "<group>"; };
		A45DE45B289D0FCD00D3763C /* SceneDelegate.swift */ = {isa = PBXFileReference; lastKnownFileType = sourcecode.swift; path = SceneDelegate.swift; sourceTree = "<group>"; };
		A45DE45D289D0FCD00D3763C /* NestedGroupCollectionViewController.swift */ = {isa = PBXFileReference; lastKnownFileType = sourcecode.swift; path = NestedGroupCollectionViewController.swift; sourceTree = "<group>"; };
		A45DE460289D0FCD00D3763C /* Base */ = {isa = PBXFileReference; lastKnownFileType = file.storyboard; name = Base; path = Base.lproj/Main.storyboard; sourceTree = "<group>"; };
		A45DE462289D0FCF00D3763C /* Assets.xcassets */ = {isa = PBXFileReference; lastKnownFileType = folder.assetcatalog; path = Assets.xcassets; sourceTree = "<group>"; };
		A45DE465289D0FCF00D3763C /* Base */ = {isa = PBXFileReference; lastKnownFileType = file.storyboard; name = Base; path = Base.lproj/LaunchScreen.storyboard; sourceTree = "<group>"; };
		A45DE467289D0FCF00D3763C /* Info.plist */ = {isa = PBXFileReference; lastKnownFileType = text.plist.xml; path = Info.plist; sourceTree = "<group>"; };
		A45DE46C289D0FCF00D3763C /* CompositionalLayoutPracticeTests.xctest */ = {isa = PBXFileReference; explicitFileType = wrapper.cfbundle; includeInIndex = 0; path = CompositionalLayoutPracticeTests.xctest; sourceTree = BUILT_PRODUCTS_DIR; };
		A45DE470289D0FCF00D3763C /* CompositionalLayoutPracticeTests.swift */ = {isa = PBXFileReference; lastKnownFileType = sourcecode.swift; path = CompositionalLayoutPracticeTests.swift; sourceTree = "<group>"; };
		A45DE476289D0FCF00D3763C /* CompositionalLayoutPracticeUITests.xctest */ = {isa = PBXFileReference; explicitFileType = wrapper.cfbundle; includeInIndex = 0; path = CompositionalLayoutPracticeUITests.xctest; sourceTree = BUILT_PRODUCTS_DIR; };
		A45DE47A289D0FCF00D3763C /* CompositionalLayoutPracticeUITests.swift */ = {isa = PBXFileReference; lastKnownFileType = sourcecode.swift; path = CompositionalLayoutPracticeUITests.swift; sourceTree = "<group>"; };
		A45DE47C289D0FCF00D3763C /* CompositionalLayoutPracticeUITestsLaunchTests.swift */ = {isa = PBXFileReference; lastKnownFileType = sourcecode.swift; path = CompositionalLayoutPracticeUITestsLaunchTests.swift; sourceTree = "<group>"; };
		A45DE489289D101000D3763C /* NestedGroupCollectionViewCell.swift */ = {isa = PBXFileReference; lastKnownFileType = sourcecode.swift; path = NestedGroupCollectionViewCell.swift; sourceTree = "<group>"; };
		A45DE48B289D106C00D3763C /* NestedGroupCollectionViewCell.xib */ = {isa = PBXFileReference; lastKnownFileType = file.xib; path = NestedGroupCollectionViewCell.xib; sourceTree = "<group>"; };
		A45DE48D289D11CF00D3763C /* CollctionView+.swift */ = {isa = PBXFileReference; lastKnownFileType = sourcecode.swift; path = "CollctionView+.swift"; sourceTree = "<group>"; };
/* End PBXFileReference section */

/* Begin PBXFrameworksBuildPhase section */
		A45DE453289D0FCD00D3763C /* Frameworks */ = {
			isa = PBXFrameworksBuildPhase;
			buildActionMask = 2147483647;
			files = (
			);
			runOnlyForDeploymentPostprocessing = 0;
		};
		A45DE469289D0FCF00D3763C /* Frameworks */ = {
			isa = PBXFrameworksBuildPhase;
			buildActionMask = 2147483647;
			files = (
			);
			runOnlyForDeploymentPostprocessing = 0;
		};
		A45DE473289D0FCF00D3763C /* Frameworks */ = {
			isa = PBXFrameworksBuildPhase;
			buildActionMask = 2147483647;
			files = (
			);
			runOnlyForDeploymentPostprocessing = 0;
		};
/* End PBXFrameworksBuildPhase section */

/* Begin PBXGroup section */
		A45DE44D289D0FCD00D3763C = {
			isa = PBXGroup;
			children = (
				A45DE458289D0FCD00D3763C /* CompositionalLayoutPractice */,
				A45DE46F289D0FCF00D3763C /* CompositionalLayoutPracticeTests */,
				A45DE479289D0FCF00D3763C /* CompositionalLayoutPracticeUITests */,
				A45DE457289D0FCD00D3763C /* Products */,
			);
			sourceTree = "<group>";
		};
		A45DE457289D0FCD00D3763C /* Products */ = {
			isa = PBXGroup;
			children = (
				A45DE456289D0FCD00D3763C /* CompositionalLayoutPractice.app */,
				A45DE46C289D0FCF00D3763C /* CompositionalLayoutPracticeTests.xctest */,
				A45DE476289D0FCF00D3763C /* CompositionalLayoutPracticeUITests.xctest */,
			);
			name = Products;
			sourceTree = "<group>";
		};
		A45DE458289D0FCD00D3763C /* CompositionalLayoutPractice */ = {
			isa = PBXGroup;
			children = (
				A45DE459289D0FCD00D3763C /* AppDelegate.swift */,
				A45DE45B289D0FCD00D3763C /* SceneDelegate.swift */,
				A45DE45D289D0FCD00D3763C /* NestedGroupCollectionViewController.swift */,
				A45DE489289D101000D3763C /* NestedGroupCollectionViewCell.swift */,
				A45DE48D289D11CF00D3763C /* CollctionView+.swift */,
				A45DE48B289D106C00D3763C /* NestedGroupCollectionViewCell.xib */,
				A45DE45F289D0FCD00D3763C /* Main.storyboard */,
				A45DE462289D0FCF00D3763C /* Assets.xcassets */,
				A45DE464289D0FCF00D3763C /* LaunchScreen.storyboard */,
				A45DE467289D0FCF00D3763C /* Info.plist */,
			);
			path = CompositionalLayoutPractice;
			sourceTree = "<group>";
		};
		A45DE46F289D0FCF00D3763C /* CompositionalLayoutPracticeTests */ = {
			isa = PBXGroup;
			children = (
				A45DE470289D0FCF00D3763C /* CompositionalLayoutPracticeTests.swift */,
			);
			path = CompositionalLayoutPracticeTests;
			sourceTree = "<group>";
		};
		A45DE479289D0FCF00D3763C /* CompositionalLayoutPracticeUITests */ = {
			isa = PBXGroup;
			children = (
				A45DE47A289D0FCF00D3763C /* CompositionalLayoutPracticeUITests.swift */,
				A45DE47C289D0FCF00D3763C /* CompositionalLayoutPracticeUITestsLaunchTests.swift */,
			);
			path = CompositionalLayoutPracticeUITests;
			sourceTree = "<group>";
		};
/* End PBXGroup section */

/* Begin PBXNativeTarget section */
		A45DE455289D0FCD00D3763C /* CompositionalLayoutPractice */ = {
			isa = PBXNativeTarget;
			buildConfigurationList = A45DE480289D0FCF00D3763C /* Build configuration list for PBXNativeTarget "CompositionalLayoutPractice" */;
			buildPhases = (
				A45DE452289D0FCD00D3763C /* Sources */,
				A45DE453289D0FCD00D3763C /* Frameworks */,
				A45DE454289D0FCD00D3763C /* Resources */,
			);
			buildRules = (
			);
			dependencies = (
			);
			name = CompositionalLayoutPractice;
			productName = CompositionalLayoutPractice;
			productReference = A45DE456289D0FCD00D3763C /* CompositionalLayoutPractice.app */;
			productType = "com.apple.product-type.application";
		};
		A45DE46B289D0FCF00D3763C /* CompositionalLayoutPracticeTests */ = {
			isa = PBXNativeTarget;
			buildConfigurationList = A45DE483289D0FCF00D3763C /* Build configuration list for PBXNativeTarget "CompositionalLayoutPracticeTests" */;
			buildPhases = (
				A45DE468289D0FCF00D3763C /* Sources */,
				A45DE469289D0FCF00D3763C /* Frameworks */,
				A45DE46A289D0FCF00D3763C /* Resources */,
			);
			buildRules = (
			);
			dependencies = (
				A45DE46E289D0FCF00D3763C /* PBXTargetDependency */,
			);
			name = CompositionalLayoutPracticeTests;
			productName = CompositionalLayoutPracticeTests;
			productReference = A45DE46C289D0FCF00D3763C /* CompositionalLayoutPracticeTests.xctest */;
			productType = "com.apple.product-type.bundle.unit-test";
		};
		A45DE475289D0FCF00D3763C /* CompositionalLayoutPracticeUITests */ = {
			isa = PBXNativeTarget;
			buildConfigurationList = A45DE486289D0FCF00D3763C /* Build configuration list for PBXNativeTarget "CompositionalLayoutPracticeUITests" */;
			buildPhases = (
				A45DE472289D0FCF00D3763C /* Sources */,
				A45DE473289D0FCF00D3763C /* Frameworks */,
				A45DE474289D0FCF00D3763C /* Resources */,
			);
			buildRules = (
			);
			dependencies = (
				A45DE478289D0FCF00D3763C /* PBXTargetDependency */,
			);
			name = CompositionalLayoutPracticeUITests;
			productName = CompositionalLayoutPracticeUITests;
			productReference = A45DE476289D0FCF00D3763C /* CompositionalLayoutPracticeUITests.xctest */;
			productType = "com.apple.product-type.bundle.ui-testing";
		};
/* End PBXNativeTarget section */

/* Begin PBXProject section */
		A45DE44E289D0FCD00D3763C /* Project object */ = {
			isa = PBXProject;
			attributes = {
				BuildIndependentTargetsInParallel = 1;
				LastSwiftUpdateCheck = 1340;
				LastUpgradeCheck = 1340;
				TargetAttributes = {
					A45DE455289D0FCD00D3763C = {
						CreatedOnToolsVersion = 13.4.1;
					};
					A45DE46B289D0FCF00D3763C = {
						CreatedOnToolsVersion = 13.4.1;
						TestTargetID = A45DE455289D0FCD00D3763C;
					};
					A45DE475289D0FCF00D3763C = {
						CreatedOnToolsVersion = 13.4.1;
						TestTargetID = A45DE455289D0FCD00D3763C;
					};
				};
			};
			buildConfigurationList = A45DE451289D0FCD00D3763C /* Build configuration list for PBXProject "CompositionalLayoutPractice" */;
			compatibilityVersion = "Xcode 13.0";
			developmentRegion = en;
			hasScannedForEncodings = 0;
			knownRegions = (
				en,
				Base,
			);
			mainGroup = A45DE44D289D0FCD00D3763C;
			productRefGroup = A45DE457289D0FCD00D3763C /* Products */;
			projectDirPath = "";
			projectRoot = "";
			targets = (
				A45DE455289D0FCD00D3763C /* CompositionalLayoutPractice */,
				A45DE46B289D0FCF00D3763C /* CompositionalLayoutPracticeTests */,
				A45DE475289D0FCF00D3763C /* CompositionalLayoutPracticeUITests */,
			);
		};
/* End PBXProject section */

/* Begin PBXResourcesBuildPhase section */
		A45DE454289D0FCD00D3763C /* Resources */ = {
			isa = PBXResourcesBuildPhase;
			buildActionMask = 2147483647;
			files = (
				A45DE466289D0FCF00D3763C /* LaunchScreen.storyboard in Resources */,
				A45DE463289D0FCF00D3763C /* Assets.xcassets in Resources */,
				A45DE461289D0FCD00D3763C /* Main.storyboard in Resources */,
				A45DE48C289D106C00D3763C /* NestedGroupCollectionViewCell.xib in Resources */,
			);
			runOnlyForDeploymentPostprocessing = 0;
		};
		A45DE46A289D0FCF00D3763C /* Resources */ = {
			isa = PBXResourcesBuildPhase;
			buildActionMask = 2147483647;
			files = (
			);
			runOnlyForDeploymentPostprocessing = 0;
		};
		A45DE474289D0FCF00D3763C /* Resources */ = {
			isa = PBXResourcesBuildPhase;
			buildActionMask = 2147483647;
			files = (
			);
			runOnlyForDeploymentPostprocessing = 0;
		};
/* End PBXResourcesBuildPhase section */

/* Begin PBXSourcesBuildPhase section */
		A45DE452289D0FCD00D3763C /* Sources */ = {
			isa = PBXSourcesBuildPhase;
			buildActionMask = 2147483647;
			files = (
				A45DE48E289D11CF00D3763C /* CollctionView+.swift in Sources */,
				A45DE45E289D0FCD00D3763C /* NestedGroupCollectionViewController.swift in Sources */,
				A45DE45A289D0FCD00D3763C /* AppDelegate.swift in Sources */,
				A45DE48A289D101000D3763C /* NestedGroupCollectionViewCell.swift in Sources */,
				A45DE45C289D0FCD00D3763C /* SceneDelegate.swift in Sources */,
			);
			runOnlyForDeploymentPostprocessing = 0;
		};
		A45DE468289D0FCF00D3763C /* Sources */ = {
			isa = PBXSourcesBuildPhase;
			buildActionMask = 2147483647;
			files = (
				A45DE471289D0FCF00D3763C /* CompositionalLayoutPracticeTests.swift in Sources */,
			);
			runOnlyForDeploymentPostprocessing = 0;
		};
		A45DE472289D0FCF00D3763C /* Sources */ = {
			isa = PBXSourcesBuildPhase;
			buildActionMask = 2147483647;
			files = (
				A45DE47B289D0FCF00D3763C /* CompositionalLayoutPracticeUITests.swift in Sources */,
				A45DE47D289D0FCF00D3763C /* CompositionalLayoutPracticeUITestsLaunchTests.swift in Sources */,
			);
			runOnlyForDeploymentPostprocessing = 0;
		};
/* End PBXSourcesBuildPhase section */

/* Begin PBXTargetDependency section */
		A45DE46E289D0FCF00D3763C /* PBXTargetDependency */ = {
			isa = PBXTargetDependency;
			target = A45DE455289D0FCD00D3763C /* CompositionalLayoutPractice */;
			targetProxy = A45DE46D289D0FCF00D3763C /* PBXContainerItemProxy */;
		};
		A45DE478289D0FCF00D3763C /* PBXTargetDependency */ = {
			isa = PBXTargetDependency;
			target = A45DE455289D0FCD00D3763C /* CompositionalLayoutPractice */;
			targetProxy = A45DE477289D0FCF00D3763C /* PBXContainerItemProxy */;
		};
/* End PBXTargetDependency section */

/* Begin PBXVariantGroup section */
		A45DE45F289D0FCD00D3763C /* Main.storyboard */ = {
			isa = PBXVariantGroup;
			children = (
				A45DE460289D0FCD00D3763C /* Base */,
			);
			name = Main.storyboard;
			sourceTree = "<group>";
		};
		A45DE464289D0FCF00D3763C /* LaunchScreen.storyboard */ = {
			isa = PBXVariantGroup;
			children = (
				A45DE465289D0FCF00D3763C /* Base */,
			);
			name = LaunchScreen.storyboard;
			sourceTree = "<group>";
		};
/* End PBXVariantGroup section */

/* Begin XCBuildConfiguration section */
		A45DE47E289D0FCF00D3763C /* Debug */ = {
			isa = XCBuildConfiguration;
			buildSettings = {
				ALWAYS_SEARCH_USER_PATHS = NO;
				CLANG_ANALYZER_NONNULL = YES;
				CLANG_ANALYZER_NUMBER_OBJECT_CONVERSION = YES_AGGRESSIVE;
				CLANG_CXX_LANGUAGE_STANDARD = "gnu++17";
				CLANG_ENABLE_MODULES = YES;
				CLANG_ENABLE_OBJC_ARC = YES;
				CLANG_ENABLE_OBJC_WEAK = YES;
				CLANG_WARN_BLOCK_CAPTURE_AUTORELEASING = YES;
				CLANG_WARN_BOOL_CONVERSION = YES;
				CLANG_WARN_COMMA = YES;
				CLANG_WARN_CONSTANT_CONVERSION = YES;
				CLANG_WARN_DEPRECATED_OBJC_IMPLEMENTATIONS = YES;
				CLANG_WARN_DIRECT_OBJC_ISA_USAGE = YES_ERROR;
				CLANG_WARN_DOCUMENTATION_COMMENTS = YES;
				CLANG_WARN_EMPTY_BODY = YES;
				CLANG_WARN_ENUM_CONVERSION = YES;
				CLANG_WARN_INFINITE_RECURSION = YES;
				CLANG_WARN_INT_CONVERSION = YES;
				CLANG_WARN_NON_LITERAL_NULL_CONVERSION = YES;
				CLANG_WARN_OBJC_IMPLICIT_RETAIN_SELF = YES;
				CLANG_WARN_OBJC_LITERAL_CONVERSION = YES;
				CLANG_WARN_OBJC_ROOT_CLASS = YES_ERROR;
				CLANG_WARN_QUOTED_INCLUDE_IN_FRAMEWORK_HEADER = YES;
				CLANG_WARN_RANGE_LOOP_ANALYSIS = YES;
				CLANG_WARN_STRICT_PROTOTYPES = YES;
				CLANG_WARN_SUSPICIOUS_MOVE = YES;
				CLANG_WARN_UNGUARDED_AVAILABILITY = YES_AGGRESSIVE;
				CLANG_WARN_UNREACHABLE_CODE = YES;
				CLANG_WARN__DUPLICATE_METHOD_MATCH = YES;
				COPY_PHASE_STRIP = NO;
				DEBUG_INFORMATION_FORMAT = dwarf;
				ENABLE_STRICT_OBJC_MSGSEND = YES;
				ENABLE_TESTABILITY = YES;
				GCC_C_LANGUAGE_STANDARD = gnu11;
				GCC_DYNAMIC_NO_PIC = NO;
				GCC_NO_COMMON_BLOCKS = YES;
				GCC_OPTIMIZATION_LEVEL = 0;
				GCC_PREPROCESSOR_DEFINITIONS = (
					"DEBUG=1",
					"$(inherited)",
				);
				GCC_WARN_64_TO_32_BIT_CONVERSION = YES;
				GCC_WARN_ABOUT_RETURN_TYPE = YES_ERROR;
				GCC_WARN_UNDECLARED_SELECTOR = YES;
				GCC_WARN_UNINITIALIZED_AUTOS = YES_AGGRESSIVE;
				GCC_WARN_UNUSED_FUNCTION = YES;
				GCC_WARN_UNUSED_VARIABLE = YES;
				IPHONEOS_DEPLOYMENT_TARGET = 15.5;
				MTL_ENABLE_DEBUG_INFO = INCLUDE_SOURCE;
				MTL_FAST_MATH = YES;
				ONLY_ACTIVE_ARCH = YES;
				SDKROOT = iphoneos;
				SWIFT_ACTIVE_COMPILATION_CONDITIONS = DEBUG;
				SWIFT_OPTIMIZATION_LEVEL = "-Onone";
			};
			name = Debug;
		};
		A45DE47F289D0FCF00D3763C /* Release */ = {
			isa = XCBuildConfiguration;
			buildSettings = {
				ALWAYS_SEARCH_USER_PATHS = NO;
				CLANG_ANALYZER_NONNULL = YES;
				CLANG_ANALYZER_NUMBER_OBJECT_CONVERSION = YES_AGGRESSIVE;
				CLANG_CXX_LANGUAGE_STANDARD = "gnu++17";
				CLANG_ENABLE_MODULES = YES;
				CLANG_ENABLE_OBJC_ARC = YES;
				CLANG_ENABLE_OBJC_WEAK = YES;
				CLANG_WARN_BLOCK_CAPTURE_AUTORELEASING = YES;
				CLANG_WARN_BOOL_CONVERSION = YES;
				CLANG_WARN_COMMA = YES;
				CLANG_WARN_CONSTANT_CONVERSION = YES;
				CLANG_WARN_DEPRECATED_OBJC_IMPLEMENTATIONS = YES;
				CLANG_WARN_DIRECT_OBJC_ISA_USAGE = YES_ERROR;
				CLANG_WARN_DOCUMENTATION_COMMENTS = YES;
				CLANG_WARN_EMPTY_BODY = YES;
				CLANG_WARN_ENUM_CONVERSION = YES;
				CLANG_WARN_INFINITE_RECURSION = YES;
				CLANG_WARN_INT_CONVERSION = YES;
				CLANG_WARN_NON_LITERAL_NULL_CONVERSION = YES;
				CLANG_WARN_OBJC_IMPLICIT_RETAIN_SELF = YES;
				CLANG_WARN_OBJC_LITERAL_CONVERSION = YES;
				CLANG_WARN_OBJC_ROOT_CLASS = YES_ERROR;
				CLANG_WARN_QUOTED_INCLUDE_IN_FRAMEWORK_HEADER = YES;
				CLANG_WARN_RANGE_LOOP_ANALYSIS = YES;
				CLANG_WARN_STRICT_PROTOTYPES = YES;
				CLANG_WARN_SUSPICIOUS_MOVE = YES;
				CLANG_WARN_UNGUARDED_AVAILABILITY = YES_AGGRESSIVE;
				CLANG_WARN_UNREACHABLE_CODE = YES;
				CLANG_WARN__DUPLICATE_METHOD_MATCH = YES;
				COPY_PHASE_STRIP = NO;
				DEBUG_INFORMATION_FORMAT = "dwarf-with-dsym";
				ENABLE_NS_ASSERTIONS = NO;
				ENABLE_STRICT_OBJC_MSGSEND = YES;
				GCC_C_LANGUAGE_STANDARD = gnu11;
				GCC_NO_COMMON_BLOCKS = YES;
				GCC_WARN_64_TO_32_BIT_CONVERSION = YES;
				GCC_WARN_ABOUT_RETURN_TYPE = YES_ERROR;
				GCC_WARN_UNDECLARED_SELECTOR = YES;
				GCC_WARN_UNINITIALIZED_AUTOS = YES_AGGRESSIVE;
				GCC_WARN_UNUSED_FUNCTION = YES;
				GCC_WARN_UNUSED_VARIABLE = YES;
				IPHONEOS_DEPLOYMENT_TARGET = 15.5;
				MTL_ENABLE_DEBUG_INFO = NO;
				MTL_FAST_MATH = YES;
				SDKROOT = iphoneos;
				SWIFT_COMPILATION_MODE = wholemodule;
				SWIFT_OPTIMIZATION_LEVEL = "-O";
				VALIDATE_PRODUCT = YES;
			};
			name = Release;
		};
		A45DE481289D0FCF00D3763C /* Debug */ = {
			isa = XCBuildConfiguration;
			buildSettings = {
				ASSETCATALOG_COMPILER_APPICON_NAME = AppIcon;
				ASSETCATALOG_COMPILER_GLOBAL_ACCENT_COLOR_NAME = AccentColor;
				CODE_SIGN_STYLE = Automatic;
				CURRENT_PROJECT_VERSION = 1;
				DEVELOPMENT_TEAM = 8HSC6WJMH6;
				GENERATE_INFOPLIST_FILE = YES;
				INFOPLIST_FILE = CompositionalLayoutPractice/Info.plist;
				INFOPLIST_KEY_UIApplicationSupportsIndirectInputEvents = YES;
				INFOPLIST_KEY_UILaunchStoryboardName = LaunchScreen;
				INFOPLIST_KEY_UIMainStoryboardFile = Main;
				INFOPLIST_KEY_UISupportedInterfaceOrientations_iPad = "UIInterfaceOrientationPortrait UIInterfaceOrientationPortraitUpsideDown UIInterfaceOrientationLandscapeLeft UIInterfaceOrientationLandscapeRight";
				INFOPLIST_KEY_UISupportedInterfaceOrientations_iPhone = "UIInterfaceOrientationPortrait UIInterfaceOrientationLandscapeLeft UIInterfaceOrientationLandscapeRight";
				LD_RUNPATH_SEARCH_PATHS = (
					"$(inherited)",
					"@executable_path/Frameworks",
				);
				MARKETING_VERSION = 1.0;
				PRODUCT_BUNDLE_IDENTIFIER = jp.techacademy.kazuma.miura2.CompositionalLayoutPractice;
				PRODUCT_NAME = "$(TARGET_NAME)";
				SWIFT_EMIT_LOC_STRINGS = YES;
				SWIFT_VERSION = 5.0;
				TARGETED_DEVICE_FAMILY = "1,2";
			};
			name = Debug;
		};
		A45DE482289D0FCF00D3763C /* Release */ = {
			isa = XCBuildConfiguration;
			buildSettings = {
				ASSETCATALOG_COMPILER_APPICON_NAME = AppIcon;
				ASSETCATALOG_COMPILER_GLOBAL_ACCENT_COLOR_NAME = AccentColor;
				CODE_SIGN_STYLE = Automatic;
				CURRENT_PROJECT_VERSION = 1;
				DEVELOPMENT_TEAM = 8HSC6WJMH6;
				GENERATE_INFOPLIST_FILE = YES;
				INFOPLIST_FILE = CompositionalLayoutPractice/Info.plist;
				INFOPLIST_KEY_UIApplicationSupportsIndirectInputEvents = YES;
				INFOPLIST_KEY_UILaunchStoryboardName = LaunchScreen;
				INFOPLIST_KEY_UIMainStoryboardFile = Main;
				INFOPLIST_KEY_UISupportedInterfaceOrientations_iPad = "UIInterfaceOrientationPortrait UIInterfaceOrientationPortraitUpsideDown UIInterfaceOrientationLandscapeLeft UIInterfaceOrientationLandscapeRight";
				INFOPLIST_KEY_UISupportedInterfaceOrientations_iPhone = "UIInterfaceOrientationPortrait UIInterfaceOrientationLandscapeLeft UIInterfaceOrientationLandscapeRight";
				LD_RUNPATH_SEARCH_PATHS = (
					"$(inherited)",
					"@executable_path/Frameworks",
				);
				MARKETING_VERSION = 1.0;
				PRODUCT_BUNDLE_IDENTIFIER = jp.techacademy.kazuma.miura2.CompositionalLayoutPractice;
				PRODUCT_NAME = "$(TARGET_NAME)";
				SWIFT_EMIT_LOC_STRINGS = YES;
				SWIFT_VERSION = 5.0;
				TARGETED_DEVICE_FAMILY = "1,2";
			};
			name = Release;
		};
		A45DE484289D0FCF00D3763C /* Debug */ = {
			isa = XCBuildConfiguration;
			buildSettings = {
				ALWAYS_EMBED_SWIFT_STANDARD_LIBRARIES = YES;
				BUNDLE_LOADER = "$(TEST_HOST)";
				CODE_SIGN_STYLE = Automatic;
				CURRENT_PROJECT_VERSION = 1;
				DEVELOPMENT_TEAM = 8HSC6WJMH6;
				GENERATE_INFOPLIST_FILE = YES;
				IPHONEOS_DEPLOYMENT_TARGET = 15.5;
				MARKETING_VERSION = 1.0;
				PRODUCT_BUNDLE_IDENTIFIER = jp.techacademy.kazuma.miura2.CompositionalLayoutPracticeTests;
				PRODUCT_NAME = "$(TARGET_NAME)";
				SWIFT_EMIT_LOC_STRINGS = NO;
				SWIFT_VERSION = 5.0;
				TARGETED_DEVICE_FAMILY = "1,2";
				TEST_HOST = "$(BUILT_PRODUCTS_DIR)/CompositionalLayoutPractice.app/CompositionalLayoutPractice";
			};
			name = Debug;
		};
		A45DE485289D0FCF00D3763C /* Release */ = {
			isa = XCBuildConfiguration;
			buildSettings = {
				ALWAYS_EMBED_SWIFT_STANDARD_LIBRARIES = YES;
				BUNDLE_LOADER = "$(TEST_HOST)";
				CODE_SIGN_STYLE = Automatic;
				CURRENT_PROJECT_VERSION = 1;
				DEVELOPMENT_TEAM = 8HSC6WJMH6;
				GENERATE_INFOPLIST_FILE = YES;
				IPHONEOS_DEPLOYMENT_TARGET = 15.5;
				MARKETING_VERSION = 1.0;
				PRODUCT_BUNDLE_IDENTIFIER = jp.techacademy.kazuma.miura2.CompositionalLayoutPracticeTests;
				PRODUCT_NAME = "$(TARGET_NAME)";
				SWIFT_EMIT_LOC_STRINGS = NO;
				SWIFT_VERSION = 5.0;
				TARGETED_DEVICE_FAMILY = "1,2";
				TEST_HOST = "$(BUILT_PRODUCTS_DIR)/CompositionalLayoutPractice.app/CompositionalLayoutPractice";
			};
			name = Release;
		};
		A45DE487289D0FCF00D3763C /* Debug */ = {
			isa = XCBuildConfiguration;
			buildSettings = {
				ALWAYS_EMBED_SWIFT_STANDARD_LIBRARIES = YES;
				CODE_SIGN_STYLE = Automatic;
				CURRENT_PROJECT_VERSION = 1;
				DEVELOPMENT_TEAM = 8HSC6WJMH6;
				GENERATE_INFOPLIST_FILE = YES;
				MARKETING_VERSION = 1.0;
				PRODUCT_BUNDLE_IDENTIFIER = jp.techacademy.kazuma.miura2.CompositionalLayoutPracticeUITests;
				PRODUCT_NAME = "$(TARGET_NAME)";
				SWIFT_EMIT_LOC_STRINGS = NO;
				SWIFT_VERSION = 5.0;
				TARGETED_DEVICE_FAMILY = "1,2";
				TEST_TARGET_NAME = CompositionalLayoutPractice;
			};
			name = Debug;
		};
		A45DE488289D0FCF00D3763C /* Release */ = {
			isa = XCBuildConfiguration;
			buildSettings = {
				ALWAYS_EMBED_SWIFT_STANDARD_LIBRARIES = YES;
				CODE_SIGN_STYLE = Automatic;
				CURRENT_PROJECT_VERSION = 1;
				DEVELOPMENT_TEAM = 8HSC6WJMH6;
				GENERATE_INFOPLIST_FILE = YES;
				MARKETING_VERSION = 1.0;
				PRODUCT_BUNDLE_IDENTIFIER = jp.techacademy.kazuma.miura2.CompositionalLayoutPracticeUITests;
				PRODUCT_NAME = "$(TARGET_NAME)";
				SWIFT_EMIT_LOC_STRINGS = NO;
				SWIFT_VERSION = 5.0;
				TARGETED_DEVICE_FAMILY = "1,2";
				TEST_TARGET_NAME = CompositionalLayoutPractice;
			};
			name = Release;
		};
/* End XCBuildConfiguration section */

/* Begin XCConfigurationList section */
		A45DE451289D0FCD00D3763C /* Build configuration list for PBXProject "CompositionalLayoutPractice" */ = {
			isa = XCConfigurationList;
			buildConfigurations = (
				A45DE47E289D0FCF00D3763C /* Debug */,
				A45DE47F289D0FCF00D3763C /* Release */,
			);
			defaultConfigurationIsVisible = 0;
			defaultConfigurationName = Release;
		};
		A45DE480289D0FCF00D3763C /* Build configuration list for PBXNativeTarget "CompositionalLayoutPractice" */ = {
			isa = XCConfigurationList;
			buildConfigurations = (
				A45DE481289D0FCF00D3763C /* Debug */,
				A45DE482289D0FCF00D3763C /* Release */,
			);
			defaultConfigurationIsVisible = 0;
			defaultConfigurationName = Release;
		};
		A45DE483289D0FCF00D3763C /* Build configuration list for PBXNativeTarget "CompositionalLayoutPracticeTests" */ = {
			isa = XCConfigurationList;
			buildConfigurations = (
				A45DE484289D0FCF00D3763C /* Debug */,
				A45DE485289D0FCF00D3763C /* Release */,
			);
			defaultConfigurationIsVisible = 0;
			defaultConfigurationName = Release;
		};
		A45DE486289D0FCF00D3763C /* Build configuration list for PBXNativeTarget "CompositionalLayoutPracticeUITests" */ = {
			isa = XCConfigurationList;
			buildConfigurations = (
				A45DE487289D0FCF00D3763C /* Debug */,
				A45DE488289D0FCF00D3763C /* Release */,
			);
			defaultConfigurationIsVisible = 0;
			defaultConfigurationName = Release;
		};
/* End XCConfigurationList section */
	};
	rootObject = A45DE44E289D0FCD00D3763C /* Project object */;
}
